
Microsoft Visual Studio Solution File, Format Version 12.00
# Visual Studio Version 17
VisualStudioVersion = 17.7.34221.43
MinimumVisualStudioVersion = 10.0.40219.1
Project("{FAE04EC0-301F-11D3-BF4B-00C04F79EFBC}") = "Scoring", "Scoring\Scoring.csproj", "{06458807-9B0B-483A-AED7-78D41F1F17EA}"
EndProject
Global
	GlobalSection(SolutionConfigurationPlatforms) = preSolution
		Debug|Any CPU = Debug|Any CPU
		Release|Any CPU = Release|Any CPU
	EndGlobalSection
	GlobalSection(ProjectConfigurationPlatforms) = postSolution
		{06458807-9B0B-483A-AED7-78D41F1F17EA}.Debug|Any CPU.ActiveCfg = Debug|Any CPU
		{06458807-9B0B-483A-AED7-78D41F1F17EA}.Debug|Any CPU.Build.0 = Debug|Any CPU
		{06458807-9B0B-483A-AED7-78D41F1F17EA}.Release|Any CPU.ActiveCfg = Release|Any CPU
		{06458807-9B0B-483A-AED7-78D41F1F17EA}.Release|Any CPU.Build.0 = Release|Any CPU
	EndGlobalSection
	GlobalSection(SolutionProperties) = preSolution
		HideSolutionNode = FALSE
	EndGlobalSection
	GlobalSection(ExtensibilityGlobals) = postSolution
		SolutionGuid = {4A007CF6-D940-4590-8DB8-37E82821C137}
	EndGlobalSection
EndGlobal
